
Microsoft Visual Studio Solution File, Format Version 12.00
# Visual Studio Version 16
VisualStudioVersion = 16.0.30413.136
MinimumVisualStudioVersion = 10.0.40219.1
Project("{FAE04EC0-301F-11D3-BF4B-00C04F79EFBC}") = "HappyTickets", "HappyTickets.csproj", "{B04A8B5F-1807-423D-A8AB-145AC1E54432}"
EndProject
Project("{FAE04EC0-301F-11D3-BF4B-00C04F79EFBC}") = "FigureNumberTests", "..\FigureNumberTests\FigureNumberTests.csproj", "{9D30C0DB-9437-418E-98E6-800CC5F539E0}"
EndProject
Global
	GlobalSection(SolutionConfigurationPlatforms) = preSolution
		Debug|Any CPU = Debug|Any CPU
		Release|Any CPU = Release|Any CPU
	EndGlobalSection
	GlobalSection(ProjectConfigurationPlatforms) = postSolution
		{B04A8B5F-1807-423D-A8AB-145AC1E54432}.Debug|Any CPU.ActiveCfg = Debug|Any CPU
		{B04A8B5F-1807-423D-A8AB-145AC1E54432}.Debug|Any CPU.Build.0 = Debug|Any CPU
		{B04A8B5F-1807-423D-A8AB-145AC1E54432}.Release|Any CPU.ActiveCfg = Release|Any CPU
		{B04A8B5F-1807-423D-A8AB-145AC1E54432}.Release|Any CPU.Build.0 = Release|Any CPU
		{9D30C0DB-9437-418E-98E6-800CC5F539E0}.Debug|Any CPU.ActiveCfg = Debug|Any CPU
		{9D30C0DB-9437-418E-98E6-800CC5F539E0}.Debug|Any CPU.Build.0 = Debug|Any CPU
		{9D30C0DB-9437-418E-98E6-800CC5F539E0}.Release|Any CPU.ActiveCfg = Release|Any CPU
		{9D30C0DB-9437-418E-98E6-800CC5F539E0}.Release|Any CPU.Build.0 = Release|Any CPU
	EndGlobalSection
	GlobalSection(SolutionProperties) = preSolution
		HideSolutionNode = FALSE
	EndGlobalSection
	GlobalSection(ExtensibilityGlobals) = postSolution
		SolutionGuid = {CB0FE1C9-6270-421F-A295-6599F25BFC38}
	EndGlobalSection
EndGlobal
